lockfileVersion: 5.4

specifiers:
  lodash: 1.0.0
  minimist: 1.2.3

dependencies:
  lodash: 1.0.0
  minimist: 1.2.3

packages:

  /lodash/1.0.0:
    resolution: {integrity: sha512-WHDYO0qSDoEe4PJznK52IoMBj2szpaTUnG6iJarwjeW0LymFN46KNDoiOLOt4OS78e1e+A9jQrfbMNxue6l3GQ==}
    engines: {'0': node, '1': rhino}
    dev: false

  /minimist/1.2.3:
    resolution: {integrity: sha512-+bMdgqjMN/Z77a6NlY/I3U5LlRDbnmaAk6lDveAPKwSpcPM4tKAuYsvYF8xjhOPXhOYGe/73vVLVez5PW+jqhw==}
    dev: false
